
Microsoft Visual Studio Solution File, Format Version 12.00
# Visual Studio 15
VisualStudioVersion = 15.0.28010.0
MinimumVisualStudioVersion = 10.0.40219.1
Project("{FAE04EC0-301F-11D3-BF4B-00C04F79EFBC}") = "WordAddIn", "WordAddIn\WordAddIn.csproj", "{D500BBC6-C4F3-4EF3-8E8B-E6C151A75A43}"
EndProject
Project("{FAE04EC0-301F-11D3-BF4B-00C04F79EFBC}") = "LhProtocolHandler", "LhProtocolHandler\LhProtocolHandler.csproj", "{35D718BE-A031-4E7B-91EE-5F73CAA2352A}"
EndProject
Project("{FAE04EC0-301F-11D3-BF4B-00C04F79EFBC}") = "Common", "Common\Common.csproj", "{84349F52-61DA-4E9B-8AF9-5A8BEDC27D21}"
EndProject
Project("{FAE04EC0-301F-11D3-BF4B-00C04F79EFBC}") = "WordAddinUnitTest", "WordAddinUnitTest\WordAddinUnitTest.csproj", "{ADC54243-DFCE-48EC-A765-AE18F3BD45A5}"
EndProject
Global
	GlobalSection(SolutionConfigurationPlatforms) = preSolution
		Debug|Any CPU = Debug|Any CPU
		Debug|x86 = Debug|x86
		Release|Any CPU = Release|Any CPU
		Release|x86 = Release|x86
	EndGlobalSection
	GlobalSection(ProjectConfigurationPlatforms) = postSolution
		{D500BBC6-C4F3-4EF3-8E8B-E6C151A75A43}.Debug|Any CPU.ActiveCfg = Debug|Any CPU
		{D500BBC6-C4F3-4EF3-8E8B-E6C151A75A43}.Debug|Any CPU.Build.0 = Debug|Any CPU
		{D500BBC6-C4F3-4EF3-8E8B-E6C151A75A43}.Debug|x86.ActiveCfg = Debug|Any CPU
		{D500BBC6-C4F3-4EF3-8E8B-E6C151A75A43}.Debug|x86.Build.0 = Debug|Any CPU
		{D500BBC6-C4F3-4EF3-8E8B-E6C151A75A43}.Release|Any CPU.ActiveCfg = Release|Any CPU
		{D500BBC6-C4F3-4EF3-8E8B-E6C151A75A43}.Release|Any CPU.Build.0 = Release|Any CPU
		{D500BBC6-C4F3-4EF3-8E8B-E6C151A75A43}.Release|x86.ActiveCfg = Release|Any CPU
		{D500BBC6-C4F3-4EF3-8E8B-E6C151A75A43}.Release|x86.Build.0 = Release|Any CPU
		{35D718BE-A031-4E7B-91EE-5F73CAA2352A}.Debug|Any CPU.ActiveCfg = Debug|Any CPU
		{35D718BE-A031-4E7B-91EE-5F73CAA2352A}.Debug|Any CPU.Build.0 = Debug|Any CPU
		{35D718BE-A031-4E7B-91EE-5F73CAA2352A}.Debug|x86.ActiveCfg = Debug|Any CPU
		{35D718BE-A031-4E7B-91EE-5F73CAA2352A}.Debug|x86.Build.0 = Debug|Any CPU
		{35D718BE-A031-4E7B-91EE-5F73CAA2352A}.Release|Any CPU.ActiveCfg = Release|Any CPU
		{35D718BE-A031-4E7B-91EE-5F73CAA2352A}.Release|Any CPU.Build.0 = Release|Any CPU
		{35D718BE-A031-4E7B-91EE-5F73CAA2352A}.Release|x86.ActiveCfg = Release|Any CPU
		{35D718BE-A031-4E7B-91EE-5F73CAA2352A}.Release|x86.Build.0 = Release|Any CPU
		{84349F52-61DA-4E9B-8AF9-5A8BEDC27D21}.Debug|Any CPU.ActiveCfg = Debug|Any CPU
		{84349F52-61DA-4E9B-8AF9-5A8BEDC27D21}.Debug|Any CPU.Build.0 = Debug|Any CPU
		{84349F52-61DA-4E9B-8AF9-5A8BEDC27D21}.Debug|x86.ActiveCfg = Debug|Any CPU
		{84349F52-61DA-4E9B-8AF9-5A8BEDC27D21}.Debug|x86.Build.0 = Debug|Any CPU
		{84349F52-61DA-4E9B-8AF9-5A8BEDC27D21}.Release|Any CPU.ActiveCfg = Release|Any CPU
		{84349F52-61DA-4E9B-8AF9-5A8BEDC27D21}.Release|Any CPU.Build.0 = Release|Any CPU
		{84349F52-61DA-4E9B-8AF9-5A8BEDC27D21}.Release|x86.ActiveCfg = Release|x86
		{84349F52-61DA-4E9B-8AF9-5A8BEDC27D21}.Release|x86.Build.0 = Release|x86
		{ADC54243-DFCE-48EC-A765-AE18F3BD45A5}.Debug|Any CPU.ActiveCfg = Debug|Any CPU
		{ADC54243-DFCE-48EC-A765-AE18F3BD45A5}.Debug|Any CPU.Build.0 = Debug|Any CPU
		{ADC54243-DFCE-48EC-A765-AE18F3BD45A5}.Debug|x86.ActiveCfg = Debug|Any CPU
		{ADC54243-DFCE-48EC-A765-AE18F3BD45A5}.Debug|x86.Build.0 = Debug|Any CPU
		{ADC54243-DFCE-48EC-A765-AE18F3BD45A5}.Release|Any CPU.ActiveCfg = Release|Any CPU
		{ADC54243-DFCE-48EC-A765-AE18F3BD45A5}.Release|Any CPU.Build.0 = Release|Any CPU
		{ADC54243-DFCE-48EC-A765-AE18F3BD45A5}.Release|x86.ActiveCfg = Release|Any CPU
		{ADC54243-DFCE-48EC-A765-AE18F3BD45A5}.Release|x86.Build.0 = Release|Any CPU
	EndGlobalSection
	GlobalSection(SolutionProperties) = preSolution
		HideSolutionNode = FALSE
	EndGlobalSection
	GlobalSection(ExtensibilityGlobals) = postSolution
		SolutionGuid = {87CB71AD-2EA4-425F-B402-C45A1B1574C0}
	EndGlobalSection
EndGlobal
